# THIS IS AN AUTOGENERATED FILE. DO NOT EDIT THIS FILE DIRECTLY.
# yarn lockfile v1


bobril@*, bobril@^13.1.0:
  version "13.1.0"
  resolved "https://registry.yarnpkg.com/bobril/-/bobril-13.1.0.tgz#f609d973051797be9025a00eec296a7ef22bc378"
  integrity sha512-/K4q5rgvjqd+6vzdQDafgcvnQ4DBtyOVNqdJgFwfeKiuGsfC/RCggBVBgng0c7I9CV725GQwClUPU6X6/vVNGg==

bobx@^0.27.1:
  version "0.27.1"
  resolved "https://registry.yarnpkg.com/bobx/-/bobx-0.27.1.tgz#063226f35bb8f37bc7c1689c4d20c217700914f7"
  integrity sha512-yN5NBdlQIXZmlCxIRZES26iaZBq0FjpK3HyuvypCgPjPw/BDB2hBKwrtxN8pTKPutUhpN5rRvh5I0CZi7kiABA==
  dependencies:
    bobril "*"
